<?xml version="1.0" encoding="utf-8"?>
<Project ToolsVersion="4.0" xmlns="http://schemas.microsoft.com/developer/msbuild/2003">
  <ItemGroup>
    <Filter Include="Source Files">
      <UniqueIdentifier>{4FC737F1-C7A5-4376-A066-2A32D752A2FF}</UniqueIdentifier>
      <Extensions>cpp;c;cc;cxx;def;odl;idl;hpj;bat;asm;asmx</Extensions>
    </Filter>
    <Filter Include="Header Files">
      <UniqueIdentifier>{93995380-89BD-4b04-88EB-625FBE52EBFB}</UniqueIdentifier>
      <Extensions>h;hh;hpp;hxx;hm;inl;inc;xsd</Extensions>
    </Filter>
    <Filter Include="Resource Files">
      <UniqueIdentifier>{67DA6AB6-F800-4c08-8B7A-83BB121AAD01}</UniqueIdentifier>
      <Extensions>rc;ico;cur;bmp;dlg;rc2;rct;bin;rgs;gif;jpg;jpeg;jpe;resx;tiff;tif;png;wav;mfcribbon-ms</Extensions>
    </Filter>
  </ItemGroup>
  <ItemGroup>
    <ClInclude Include="..\..\external\Lua\include\lauxlib.h">
      <Filter>Header Files</Filter>
    </ClInclude>
    <ClInclude Include="..\..\external\Lua\include\lua.h">
      <Filter>Header Files</Filter>
    </ClInclude>
    <ClInclude Include="..\..\external\Lua\include\lua.hpp">
      <Filter>Header Files</Filter>
    </ClInclude>
    <ClInclude Include="..\..\external\Lua\include\luaconf.h">
      <Filter>Header Files</Filter>
    </ClInclude>
    <ClInclude Include="..\..\external\Lua\include\lualib.h">
      <Filter>Header Files</Filter>
    </ClInclude>
    <ClInclude Include="..\..\external\Lua\source\lapi.h">
      <Filter>Source Files</Filter>
    </ClInclude>
    <ClInclude Include="..\..\external\Lua\source\lcode.h">
      <Filter>Source Files</Filter>
    </ClInclude>
    <ClInclude Include="..\..\external\Lua\source\lctype.h">
      <Filter>Source Files</Filter>
    </ClInclude>
    <ClInclude Include="..\..\external\Lua\source\ldebug.h">
      <Filter>Source Files</Filter>
    </ClInclude>
    <ClInclude Include="..\..\external\Lua\source\ldo.h">
      <Filter>Source Files</Filter>
    </ClInclude>
    <ClInclude Include="..\..\external\Lua\source\lfunc.h">
      <Filter>Source Files</Filter>
    </ClInclude>
    <ClInclude Include="..\..\external\Lua\source\lgc.h">
      <Filter>Source Files</Filter>
    </ClInclude>
    <ClInclude Include="..\..\external\Lua\source\llex.h">
      <Filter>Source Files</Filter>
    </ClInclude>
    <ClInclude Include="..\..\external\Lua\source\llimits.h">
      <Filter>Source Files</Filter>
    </ClInclude>
    <ClInclude Include="..\..\external\Lua\source\lmem.h">
      <Filter>Source Files</Filter>
    </ClInclude>
    <ClInclude Include="..\..\external\Lua\source\lobject.h">
      <Filter>Source Files</Filter>
    </ClInclude>
    <ClInclude Include="..\..\external\Lua\source\lopcodes.h">
      <Filter>Source Files</Filter>
    </ClInclude>
    <ClInclude Include="..\..\external\Lua\source\lparser.h">
      <Filter>Source Files</Filter>
    </ClInclude>
    <ClInclude Include="..\..\external\Lua\source\lprefix.h">
      <Filter>Source Files</Filter>
    </ClInclude>
    <ClInclude Include="..\..\external\Lua\source\lstate.h">
      <Filter>Source Files</Filter>
    </ClInclude>
    <ClInclude Include="..\..\external\Lua\source\lstring.h">
      <Filter>Source Files</Filter>
    </ClInclude>
    <ClInclude Include="..\..\external\Lua\source\ltable.h">
      <Filter>Source Files</Filter>
    </ClInclude>
    <ClInclude Include="..\..\external\Lua\source\ltm.h">
      <Filter>Source Files</Filter>
    </ClInclude>
    <ClInclude Include="..\..\external\Lua\source\lundump.h">
      <Filter>Source Files</Filter>
    </ClInclude>
    <ClInclude Include="..\..\external\Lua\source\lvm.h">
      <Filter>Source Files</Filter>
    </ClInclude>
    <ClInclude Include="..\..\external\Lua\source\lzio.h">
      <Filter>Source Files</Filter>
    </ClInclude>
  </ItemGroup>
  <ItemGroup>
    <ClCompile Include="..\..\external\Lua\source\lapi.c">
      <Filter>Source Files</Filter>
    </ClCompile>
    <ClCompile Include="..\..\external\Lua\source\lauxlib.c">
      <Filter>Source Files</Filter>
    </ClCompile>
    <ClCompile Include="..\..\external\Lua\source\lbaselib.c">
      <Filter>Source Files</Filter>
    </ClCompile>
    <ClCompile Include="..\..\external\Lua\source\lbitlib.c">
      <Filter>Source Files</Filter>
    </ClCompile>
    <ClCompile Include="..\..\external\Lua\source\lcode.c">
      <Filter>Source Files</Filter>
    </ClCompile>
    <ClCompile Include="..\..\external\Lua\source\lcorolib.c">
      <Filter>Source Files</Filter>
    </ClCompile>
    <ClCompile Include="..\..\external\Lua\source\lctype.c">
      <Filter>Source Files</Filter>
    </ClCompile>
    <ClCompile Include="..\..\external\Lua\source\ldblib.c">
      <Filter>Source Files</Filter>
    </ClCompile>
    <ClCompile Include="..\..\external\Lua\source\ldebug.c">
      <Filter>Source Files</Filter>
    </ClCompile>
    <ClCompile Include="..\..\external\Lua\source\ldo.c">
      <Filter>Source Files</Filter>
    </ClCompile>
    <ClCompile Include="..\..\external\Lua\source\ldump.c">
      <Filter>Source Files</Filter>
    </ClCompile>
    <ClCompile Include="..\..\external\Lua\source\lfunc.c">
      <Filter>Source Files</Filter>
    </ClCompile>
    <ClCompile Include="..\..\external\Lua\source\lgc.c">
      <Filter>Source Files</Filter>
    </ClCompile>
    <ClCompile Include="..\..\external\Lua\source\linit.c">
      <Filter>Source Files</Filter>
    </ClCompile>
    <ClCompile Include="..\..\external\Lua\source\liolib.c">
      <Filter>Source Files</Filter>
    </ClCompile>
    <ClCompile Include="..\..\external\Lua\source\llex.c">
      <Filter>Source Files</Filter>
    </ClCompile>
    <ClCompile Include="..\..\external\Lua\source\lmathlib.c">
      <Filter>Source Files</Filter>
    </ClCompile>
    <ClCompile Include="..\..\external\Lua\source\lmem.c">
      <Filter>Source Files</Filter>
    </ClCompile>
    <ClCompile Include="..\..\external\Lua\source\loadlib.c">
      <Filter>Source Files</Filter>
    </ClCompile>
    <ClCompile Include="..\..\external\Lua\source\lobject.c">
      <Filter>Source Files</Filter>
    </ClCompile>
    <ClCompile Include="..\..\external\Lua\source\lopcodes.c">
      <Filter>Source Files</Filter>
    </ClCompile>
    <ClCompile Include="..\..\external\Lua\source\loslib.c">
      <Filter>Source Files</Filter>
    </ClCompile>
    <ClCompile Include="..\..\external\Lua\source\lparser.c">
      <Filter>Source Files</Filter>
    </ClCompile>
    <ClCompile Include="..\..\external\Lua\source\lstate.c">
      <Filter>Source Files</Filter>
    </ClCompile>
    <ClCompile Include="..\..\external\Lua\source\lstring.c">
      <Filter>Source Files</Filter>
    </ClCompile>
    <ClCompile Include="..\..\external\Lua\source\lstrlib.c">
      <Filter>Source Files</Filter>
    </ClCompile>
    <ClCompile Include="..\..\external\Lua\source\ltable.c">
      <Filter>Source Files</Filter>
    </ClCompile>
    <ClCompile Include="..\..\external\Lua\source\ltablib.c">
      <Filter>Source Files</Filter>
    </ClCompile>
    <ClCompile Include="..\..\external\Lua\source\ltm.c">
      <Filter>Source Files</Filter>
    </ClCompile>
    <ClCompile Include="..\..\external\Lua\source\lundump.c">
      <Filter>Source Files</Filter>
    </ClCompile>
    <ClCompile Include="..\..\external\Lua\source\lutf8lib.c">
      <Filter>Source Files</Filter>
    </ClCompile>
    <ClCompile Include="..\..\external\Lua\source\lvm.c">
      <Filter>Source Files</Filter>
    </ClCompile>
    <ClCompile Include="..\..\external\Lua\source\lzio.c">
      <Filter>Source Files</Filter>
    </ClCompile>
  </ItemGroup>
</Project>